<?xml version="1.0" encoding="UTF-8" standalone="yes" ?>
<CodeBlocks_project_file>
	<FileVersion major="1" minor="6" />
	<Project>
		<Option title="Proyecto_UMG" />
		<Option pch_mode="2" />
		<Option compiler="gcc" />
		<Build>
			<Target title="Debug">
				<Option output="bin/Debug/Proyecto_UMG" prefix_auto="1" extension_auto="1" />
				<Option object_output="obj/Debug/" />
				<Option type="1" />
				<Option compiler="gcc" />
				<Compiler>
					<Add option="-g" />
					<Add directory="include" />
				</Compiler>
			</Target>
			<Target title="Release">
				<Option output="bin/Release/Proyecto_UMG" prefix_auto="1" extension_auto="1" />
				<Option object_output="obj/Release/" />
				<Option type="1" />
				<Option compiler="gcc" />
				<Compiler>
					<Add option="-O2" />
					<Add directory="include" />
				</Compiler>
				<Linker>
					<Add option="-s" />
				</Linker>
			</Target>
		</Build>
		<Compiler>
			<Add option="-Wall" />
			<Add option="-fexceptions" />
		</Compiler>
<<<<<<< HEAD
<<<<<<< HEAD
		<Unit filename="include/Asignacion_Maestro_curso.h" />
=======
		<Unit filename="include/AsigCursos_Alumnos.h" />
>>>>>>> 6c4e79c6301827fd7fca70a7f96b721428ebac08
=======
		<Unit filename="include/AsigCursos_Alumnos.h" />
>>>>>>> 1a8b285e44e22ebebc8e610ca110e2ec22da6084
		<Unit filename="include/Bitacora.h" />
		<Unit filename="include/Carrera.h" />
		<Unit filename="include/Cursoss.h" />
		<Unit filename="include/Facultad.h" />
<<<<<<< HEAD
		<Unit filename="include/Login.h" />
		<Unit filename="include/Login_Alumno.h" />
<<<<<<< HEAD
=======
		<Unit filename="include/Portada.h" />
		<Unit filename="include/ProcesoMaestros.h" />
		<Unit filename="include/Procesos.h" />
>>>>>>> ca05d99806224de811dc8563d2fc77f0fe4bf8d6
=======
>>>>>>> 1a8b285e44e22ebebc8e610ca110e2ec22da6084
		<Unit filename="include/alumnos.h" />
		<Unit filename="include/aulas.h" />
		<Unit filename="include/catalogo.h" />
		<Unit filename="include/jornada.h" />
<<<<<<< HEAD
<<<<<<< HEAD
		<Unit filename="include/login_catedratico.h" />
=======
		<Unit filename="include/login.h" />
>>>>>>> ca05d99806224de811dc8563d2fc77f0fe4bf8d6
		<Unit filename="include/maestros.h" />
=======
		<Unit filename="include/loginNotas.h" />
		<Unit filename="include/maestros.h" />
		<Unit filename="include/menuGeneralNotasAlumno.h" />
		<Unit filename="include/menuIngresoAlumno.h" />
		<Unit filename="include/menuIngresoMaestro.h" />
>>>>>>> 1a8b285e44e22ebebc8e610ca110e2ec22da6084
		<Unit filename="include/notas.h" />
		<Unit filename="include/procealumnos.h" />
		<Unit filename="include/secciones.h" />
		<Unit filename="include/seguridad.h" />
		<Unit filename="include/usualumnos.h" />
		<Unit filename="include/usuarios.h" />
		<Unit filename="include/usumaestros.h" />
		<Unit filename="main.cpp" />
<<<<<<< HEAD
<<<<<<< HEAD
		<Unit filename="src/Asignacion_Maestro_curso.cpp" />
=======
		<Unit filename="src/AsigCursos_Alumnos.cpp" />
>>>>>>> 6c4e79c6301827fd7fca70a7f96b721428ebac08
=======
		<Unit filename="src/AsigCursos_Alumnos.cpp" />
>>>>>>> 1a8b285e44e22ebebc8e610ca110e2ec22da6084
		<Unit filename="src/Bitacora.cpp" />
		<Unit filename="src/Carrera.cpp" />
		<Unit filename="src/Cursoss.cpp" />
		<Unit filename="src/Facultad.cpp" />
<<<<<<< HEAD
		<Unit filename="src/Login.cpp" />
		<Unit filename="src/Login_Alumno.cpp" />
<<<<<<< HEAD
=======
		<Unit filename="src/Portada.cpp" />
		<Unit filename="src/ProcesoMaestros.cpp" />
		<Unit filename="src/Procesos.cpp" />
>>>>>>> ca05d99806224de811dc8563d2fc77f0fe4bf8d6
=======
>>>>>>> 1a8b285e44e22ebebc8e610ca110e2ec22da6084
		<Unit filename="src/alumnos.cpp" />
		<Unit filename="src/aulas.cpp" />
		<Unit filename="src/catalogo.cpp" />
		<Unit filename="src/jornada.cpp" />
<<<<<<< HEAD
<<<<<<< HEAD
		<Unit filename="src/login_catedratico.cpp" />
=======
		<Unit filename="src/login.cpp" />
>>>>>>> ca05d99806224de811dc8563d2fc77f0fe4bf8d6
		<Unit filename="src/maestros.cpp" />
=======
		<Unit filename="src/loginNotas.cpp" />
		<Unit filename="src/maestros.cpp" />
		<Unit filename="src/menuGeneralNotasAlumno.cpp" />
		<Unit filename="src/menuIngresoAlumno.cpp" />
		<Unit filename="src/menuIngresoMaestro.cpp" />
>>>>>>> 1a8b285e44e22ebebc8e610ca110e2ec22da6084
		<Unit filename="src/notas.cpp" />
		<Unit filename="src/procealumnos.cpp" />
		<Unit filename="src/secciones.cpp" />
		<Unit filename="src/seguridad.cpp" />
		<Unit filename="src/usualumnos.cpp" />
		<Unit filename="src/usuarios.cpp" />
		<Unit filename="src/usumaestros.cpp" />
		<Extensions />
	</Project>
</CodeBlocks_project_file>
